
Microsoft Visual Studio Solution File, Format Version 12.00
# Visual Studio Version 16
VisualStudioVersion = 16.0.32510.428
MinimumVisualStudioVersion = 10.0.40219.1
Project("{FAE04EC0-301F-11D3-BF4B-00C04F79EFBC}") = "Vue2022serv", "Vue2022serv\Vue2022serv.csproj", "{CDC0E340-6C29-4BA7-A649-E139BB8C69DC}"
EndProject
Global
	GlobalSection(SolutionConfigurationPlatforms) = preSolution
		Debug|Any CPU = Debug|Any CPU
		Release|Any CPU = Release|Any CPU
	EndGlobalSection
	GlobalSection(ProjectConfigurationPlatforms) = postSolution
		{CDC0E340-6C29-4BA7-A649-E139BB8C69DC}.Debug|Any CPU.ActiveCfg = Debug|Any CPU
		{CDC0E340-6C29-4BA7-A649-E139BB8C69DC}.Debug|Any CPU.Build.0 = Debug|Any CPU
		{CDC0E340-6C29-4BA7-A649-E139BB8C69DC}.Release|Any CPU.ActiveCfg = Release|Any CPU
		{CDC0E340-6C29-4BA7-A649-E139BB8C69DC}.Release|Any CPU.Build.0 = Release|Any CPU
	EndGlobalSection
	GlobalSection(SolutionProperties) = preSolution
		HideSolutionNode = FALSE
	EndGlobalSection
	GlobalSection(ExtensibilityGlobals) = postSolution
		SolutionGuid = {B8FDC5CF-F813-416F-A4F0-BAA6E52E522D}
	EndGlobalSection
EndGlobal
